// !$*UTF8*$!
{
	archiveVersion = 1;
	classes = {
	};
	objectVersion = 46;
	objects = {

/* Begin PBXAggregateTarget section */
		"TaskForce::TaskForcePackageTests::ProductTarget" /* TaskForcePackageTests */ = {
			isa = PBXAggregateTarget;
			buildConfigurationList = OBJ_39 /* Build configuration list for PBXAggregateTarget "TaskForcePackageTests" */;
			buildPhases = (
			);
			dependencies = (
				OBJ_42 /* PBXTargetDependency */,
			);
			name = TaskForcePackageTests;
			productName = TaskForcePackageTests;
		};
/* End PBXAggregateTarget section */

/* Begin PBXBuildFile section */
		FAA7E7161F61549C00BE0E16 /* Task.swift in Sources */ = {isa = PBXBuildFile; fileRef = FAA7E7151F61549C00BE0E16 /* Task.swift */; };
		FAA7E71B1F61589B00BE0E16 /* CoreTaskTests.swift in Sources */ = {isa = PBXBuildFile; fileRef = FAA7E71A1F61589B00BE0E16 /* CoreTaskTests.swift */; };
		FAA7E71D1F617C9400BE0E16 /* TaskObserver.swift in Sources */ = {isa = PBXBuildFile; fileRef = FAA7E71C1F617C9400BE0E16 /* TaskObserver.swift */; };
		FAA7E7201F617D0900BE0E16 /* BlockTaskObserver.swift in Sources */ = {isa = PBXBuildFile; fileRef = FAA7E71F1F617D0900BE0E16 /* BlockTaskObserver.swift */; };
		FAA7E7221F617FB700BE0E16 /* TaskObserverTests.swift in Sources */ = {isa = PBXBuildFile; fileRef = FAA7E7211F617FB700BE0E16 /* TaskObserverTests.swift */; };
		FAA7E7241F617FCD00BE0E16 /* MockAdditionTask.swift in Sources */ = {isa = PBXBuildFile; fileRef = FAA7E7231F617FCD00BE0E16 /* MockAdditionTask.swift */; };
		FAA7E7261F6189FF00BE0E16 /* TaskQueue.swift in Sources */ = {isa = PBXBuildFile; fileRef = FAA7E7251F6189FF00BE0E16 /* TaskQueue.swift */; };
		FAE9348C1F629B9D00AD527A /* TaskQueueTests.swift in Sources */ = {isa = PBXBuildFile; fileRef = FAE9348B1F629B9D00AD527A /* TaskQueueTests.swift */; };
		FAE9348F1F629D6500AD527A /* BlockTask.swift in Sources */ = {isa = PBXBuildFile; fileRef = FAE9348E1F629D6500AD527A /* BlockTask.swift */; };
		FAE934911F629E6700AD527A /* BlockTaskTests.swift in Sources */ = {isa = PBXBuildFile; fileRef = FAE934901F629E6700AD527A /* BlockTaskTests.swift */; };
		OBJ_21 /* Package.swift in Sources */ = {isa = PBXBuildFile; fileRef = OBJ_6 /* Package.swift */; };
		OBJ_29 /* TaskForce.framework in Frameworks */ = {isa = PBXBuildFile; fileRef = "TaskForce::TaskForce::Product" /* TaskForce.framework */; };
/* End PBXBuildFile section */

/* Begin PBXContainerItemProxy section */
		FAA7E7131F61544900BE0E16 /* PBXContainerItemProxy */ = {
			isa = PBXContainerItemProxy;
			containerPortal = OBJ_1 /* Project object */;
			proxyType = 1;
			remoteGlobalIDString = "TaskForce::TaskForce";
			remoteInfo = TaskForce;
		};
		FAA7E7141F61544B00BE0E16 /* PBXContainerItemProxy */ = {
			isa = PBXContainerItemProxy;
			containerPortal = OBJ_1 /* Project object */;
			proxyType = 1;
			remoteGlobalIDString = "TaskForce::TaskForceTests";
			remoteInfo = TaskForceTests;
		};
/* End PBXContainerItemProxy section */

/* Begin PBXFileReference section */
		FAA7E7151F61549C00BE0E16 /* Task.swift */ = {isa = PBXFileReference; lastKnownFileType = sourcecode.swift; path = Task.swift; sourceTree = "<group>"; };
		FAA7E71A1F61589B00BE0E16 /* CoreTaskTests.swift */ = {isa = PBXFileReference; lastKnownFileType = sourcecode.swift; path = CoreTaskTests.swift; sourceTree = "<group>"; };
		FAA7E71C1F617C9400BE0E16 /* TaskObserver.swift */ = {isa = PBXFileReference; lastKnownFileType = sourcecode.swift; path = TaskObserver.swift; sourceTree = "<group>"; };
		FAA7E71F1F617D0900BE0E16 /* BlockTaskObserver.swift */ = {isa = PBXFileReference; lastKnownFileType = sourcecode.swift; path = BlockTaskObserver.swift; sourceTree = "<group>"; };
		FAA7E7211F617FB700BE0E16 /* TaskObserverTests.swift */ = {isa = PBXFileReference; lastKnownFileType = sourcecode.swift; path = TaskObserverTests.swift; sourceTree = "<group>"; };
		FAA7E7231F617FCD00BE0E16 /* MockAdditionTask.swift */ = {isa = PBXFileReference; lastKnownFileType = sourcecode.swift; path = MockAdditionTask.swift; sourceTree = "<group>"; };
		FAA7E7251F6189FF00BE0E16 /* TaskQueue.swift */ = {isa = PBXFileReference; lastKnownFileType = sourcecode.swift; path = TaskQueue.swift; sourceTree = "<group>"; };
		FAE9348B1F629B9D00AD527A /* TaskQueueTests.swift */ = {isa = PBXFileReference; lastKnownFileType = sourcecode.swift; path = TaskQueueTests.swift; sourceTree = "<group>"; };
		FAE9348E1F629D6500AD527A /* BlockTask.swift */ = {isa = PBXFileReference; lastKnownFileType = sourcecode.swift; path = BlockTask.swift; sourceTree = "<group>"; };
		FAE934901F629E6700AD527A /* BlockTaskTests.swift */ = {isa = PBXFileReference; lastKnownFileType = sourcecode.swift; path = BlockTaskTests.swift; sourceTree = "<group>"; };
		OBJ_6 /* Package.swift */ = {isa = PBXFileReference; explicitFileType = sourcecode.swift; path = Package.swift; sourceTree = "<group>"; };
		"TaskForce::TaskForce::Product" /* TaskForce.framework */ = {isa = PBXFileReference; explicitFileType = wrapper.framework; path = TaskForce.framework; sourceTree = BUILT_PRODUCTS_DIR; };
		"TaskForce::TaskForceTests::Product" /* TaskForceTests.xctest */ = {isa = PBXFileReference; explicitFileType = wrapper.cfbundle; path = TaskForceTests.xctest; sourceTree = BUILT_PRODUCTS_DIR; };
/* End PBXFileReference section */

/* Begin PBXFrameworksBuildPhase section */
		OBJ_28 /* Frameworks */ = {
			isa = PBXFrameworksBuildPhase;
			buildActionMask = 0;
			files = (
				OBJ_29 /* TaskForce.framework in Frameworks */,
			);
			runOnlyForDeploymentPostprocessing = 0;
		};
		OBJ_37 /* Frameworks */ = {
			isa = PBXFrameworksBuildPhase;
			buildActionMask = 0;
			files = (
			);
			runOnlyForDeploymentPostprocessing = 0;
		};
/* End PBXFrameworksBuildPhase section */

/* Begin PBXGroup section */
		FAA7E71E1F617CF800BE0E16 /* Observers */ = {
			isa = PBXGroup;
			children = (
				FAA7E71C1F617C9400BE0E16 /* TaskObserver.swift */,
				FAA7E71F1F617D0900BE0E16 /* BlockTaskObserver.swift */,
			);
			path = Observers;
			sourceTree = SOURCE_ROOT;
		};
		FAE9348D1F629CFC00AD527A /* Mock Tasks */ = {
			isa = PBXGroup;
			children = (
				FAA7E7231F617FCD00BE0E16 /* MockAdditionTask.swift */,
			);
			path = "Mock Tasks";
			sourceTree = SOURCE_ROOT;
		};
		OBJ_10 /* Tests */ = {
			isa = PBXGroup;
			children = (
				OBJ_11 /* TaskForceTests */,
			);
			name = Tests;
			sourceTree = SOURCE_ROOT;
		};
		OBJ_11 /* TaskForceTests */ = {
			isa = PBXGroup;
			children = (
				FAA7E71A1F61589B00BE0E16 /* CoreTaskTests.swift */,
				FAE934901F629E6700AD527A /* BlockTaskTests.swift */,
				FAA7E7211F617FB700BE0E16 /* TaskObserverTests.swift */,
				FAE9348D1F629CFC00AD527A /* Mock Tasks */,
				FAE9348B1F629B9D00AD527A /* TaskQueueTests.swift */,
			);
			name = TaskForceTests;
			path = Tests/TaskForceTests;
			sourceTree = SOURCE_ROOT;
		};
		OBJ_13 /* Products */ = {
			isa = PBXGroup;
			children = (
				"TaskForce::TaskForceTests::Product" /* TaskForceTests.xctest */,
				"TaskForce::TaskForce::Product" /* TaskForce.framework */,
			);
			name = Products;
			sourceTree = BUILT_PRODUCTS_DIR;
		};
		OBJ_5 = {
			isa = PBXGroup;
			children = (
				OBJ_6 /* Package.swift */,
				OBJ_7 /* Sources */,
				OBJ_10 /* Tests */,
				OBJ_13 /* Products */,
			);
			sourceTree = "<group>";
		};
		OBJ_7 /* Sources */ = {
			isa = PBXGroup;
			children = (
				OBJ_8 /* TaskForce */,
			);
			name = Sources;
			sourceTree = SOURCE_ROOT;
		};
		OBJ_8 /* TaskForce */ = {
			isa = PBXGroup;
			children = (
				FAA7E7251F6189FF00BE0E16 /* TaskQueue.swift */,
				FAA7E7151F61549C00BE0E16 /* Task.swift */,
				FAA7E71E1F617CF800BE0E16 /* Observers */,
				FAE9348E1F629D6500AD527A /* BlockTask.swift */,
			);
			name = TaskForce;
			path = Sources/TaskForce;
			sourceTree = SOURCE_ROOT;
		};
/* End PBXGroup section */

/* Begin PBXNativeTarget section */
		"TaskForce::SwiftPMPackageDescription" /* TaskForcePackageDescription */ = {
			isa = PBXNativeTarget;
			buildConfigurationList = OBJ_17 /* Build configuration list for PBXNativeTarget "TaskForcePackageDescription" */;
			buildPhases = (
				OBJ_20 /* Sources */,
			);
			buildRules = (
			);
			dependencies = (
			);
			name = TaskForcePackageDescription;
			productName = TaskForcePackageDescription;
			productType = "com.apple.product-type.framework";
		};
		"TaskForce::TaskForce" /* TaskForce */ = {
			isa = PBXNativeTarget;
			buildConfigurationList = OBJ_32 /* Build configuration list for PBXNativeTarget "TaskForce" */;
			buildPhases = (
				OBJ_35 /* Sources */,
				OBJ_37 /* Frameworks */,
				FAA7E7171F61556300BE0E16 /* ShellScript */,
			);
			buildRules = (
			);
			dependencies = (
			);
			name = TaskForce;
			productName = TaskForce;
			productReference = "TaskForce::TaskForce::Product" /* TaskForce.framework */;
			productType = "com.apple.product-type.framework";
		};
		"TaskForce::TaskForceTests" /* TaskForceTests */ = {
			isa = PBXNativeTarget;
			buildConfigurationList = OBJ_23 /* Build configuration list for PBXNativeTarget "TaskForceTests" */;
			buildPhases = (
				OBJ_26 /* Sources */,
				OBJ_28 /* Frameworks */,
			);
			buildRules = (
			);
			dependencies = (
				OBJ_30 /* PBXTargetDependency */,
			);
			name = TaskForceTests;
			productName = TaskForceTests;
			productReference = "TaskForce::TaskForceTests::Product" /* TaskForceTests.xctest */;
			productType = "com.apple.product-type.bundle.unit-test";
		};
/* End PBXNativeTarget section */

/* Begin PBXProject section */
		OBJ_1 /* Project object */ = {
			isa = PBXProject;
			attributes = {
				LastUpgradeCheck = 9999;
				TargetAttributes = {
					"TaskForce::TaskForce" = {
						LastSwiftMigration = 0900;
					};
					"TaskForce::TaskForceTests" = {
						LastSwiftMigration = 0900;
					};
				};
			};
			buildConfigurationList = OBJ_2 /* Build configuration list for PBXProject "TaskForce" */;
			compatibilityVersion = "Xcode 3.2";
			developmentRegion = English;
			hasScannedForEncodings = 0;
			knownRegions = (
				en,
			);
			mainGroup = OBJ_5;
			productRefGroup = OBJ_13 /* Products */;
			projectDirPath = "";
			projectRoot = "";
			targets = (
				"TaskForce::SwiftPMPackageDescription" /* TaskForcePackageDescription */,
				"TaskForce::TaskForceTests" /* TaskForceTests */,
				"TaskForce::TaskForce" /* TaskForce */,
				"TaskForce::TaskForcePackageTests::ProductTarget" /* TaskForcePackageTests */,
			);
		};
/* End PBXProject section */

/* Begin PBXShellScriptBuildPhase section */
		FAA7E7171F61556300BE0E16 /* ShellScript */ = {
			isa = PBXShellScriptBuildPhase;
			buildActionMask = 2147483647;
			files = (
			);
			inputPaths = (
			);
			outputPaths = (
			);
			runOnlyForDeploymentPostprocessing = 0;
			shellPath = /bin/sh;
			shellScript = "if which swiftlint >/dev/null; then\n    swiftlint\nelse\n    echo \"warning: SwiftLint not installed, download from https://github.com/realm/SwiftLint\"\nfi";
		};
/* End PBXShellScriptBuildPhase section */

/* Begin PBXSourcesBuildPhase section */
		OBJ_20 /* Sources */ = {
			isa = PBXSourcesBuildPhase;
			buildActionMask = 0;
			files = (
				OBJ_21 /* Package.swift in Sources */,
			);
			runOnlyForDeploymentPostprocessing = 0;
		};
		OBJ_26 /* Sources */ = {
			isa = PBXSourcesBuildPhase;
			buildActionMask = 0;
			files = (
				FAA7E7241F617FCD00BE0E16 /* MockAdditionTask.swift in Sources */,
				FAE934911F629E6700AD527A /* BlockTaskTests.swift in Sources */,
				FAA7E7221F617FB700BE0E16 /* TaskObserverTests.swift in Sources */,
				FAE9348C1F629B9D00AD527A /* TaskQueueTests.swift in Sources */,
				FAA7E71B1F61589B00BE0E16 /* CoreTaskTests.swift in Sources */,
			);
			runOnlyForDeploymentPostprocessing = 0;
		};
		OBJ_35 /* Sources */ = {
			isa = PBXSourcesBuildPhase;
			buildActionMask = 0;
			files = (
				FAA7E71D1F617C9400BE0E16 /* TaskObserver.swift in Sources */,
				FAA7E7201F617D0900BE0E16 /* BlockTaskObserver.swift in Sources */,
				FAA7E7261F6189FF00BE0E16 /* TaskQueue.swift in Sources */,
				FAA7E7161F61549C00BE0E16 /* Task.swift in Sources */,
				FAE9348F1F629D6500AD527A /* BlockTask.swift in Sources */,
			);
			runOnlyForDeploymentPostprocessing = 0;
		};
/* End PBXSourcesBuildPhase section */

/* Begin PBXTargetDependency section */
		OBJ_30 /* PBXTargetDependency */ = {
			isa = PBXTargetDependency;
			target = "TaskForce::TaskForce" /* TaskForce */;
			targetProxy = FAA7E7131F61544900BE0E16 /* PBXContainerItemProxy */;
		};
		OBJ_42 /* PBXTargetDependency */ = {
			isa = PBXTargetDependency;
			target = "TaskForce::TaskForceTests" /* TaskForceTests */;
			targetProxy = FAA7E7141F61544B00BE0E16 /* PBXContainerItemProxy */;
		};
/* End PBXTargetDependency section */

/* Begin XCBuildConfiguration section */
		OBJ_18 /* Debug */ = {
			isa = XCBuildConfiguration;
			buildSettings = {
				LD = /usr/bin/true;
				OTHER_SWIFT_FLAGS = "-swift-version 4 -I /Applications/Xcode-beta.app/Contents/Developer/Toolchains/XcodeDefault.xctoolchain/usr/lib/swift/pm/4 -target x86_64-apple-macosx10.10 -sdk /Applications/Xcode-beta.app/Contents/Developer/Platforms/MacOSX.platform/Developer/SDKs/MacOSX10.13.sdk";
				SWIFT_VERSION = 4.0;
			};
			name = Debug;
		};
		OBJ_19 /* Release */ = {
			isa = XCBuildConfiguration;
			buildSettings = {
				LD = /usr/bin/true;
				OTHER_SWIFT_FLAGS = "-swift-version 4 -I /Applications/Xcode-beta.app/Contents/Developer/Toolchains/XcodeDefault.xctoolchain/usr/lib/swift/pm/4 -target x86_64-apple-macosx10.10 -sdk /Applications/Xcode-beta.app/Contents/Developer/Platforms/MacOSX.platform/Developer/SDKs/MacOSX10.13.sdk";
				SWIFT_VERSION = 4.0;
			};
			name = Release;
		};
		OBJ_24 /* Debug */ = {
			isa = XCBuildConfiguration;
			buildSettings = {
				ALWAYS_EMBED_SWIFT_STANDARD_LIBRARIES = YES;
				CLANG_ENABLE_MODULES = YES;
				EMBEDDED_CONTENT_CONTAINS_SWIFT = YES;
				FRAMEWORK_SEARCH_PATHS = (
					"$(inherited)",
					"$(PLATFORM_DIR)/Developer/Library/Frameworks",
				);
				HEADER_SEARCH_PATHS = "$(inherited)";
				INFOPLIST_FILE = TaskForce.xcodeproj/TaskForceTests_Info.plist;
				LD_RUNPATH_SEARCH_PATHS = "@loader_path/../Frameworks @loader_path/Frameworks";
				OTHER_LDFLAGS = "$(inherited)";
				OTHER_SWIFT_FLAGS = "$(inherited)";
				SWIFT_OPTIMIZATION_LEVEL = "-Onone";
				SWIFT_VERSION = 4.0;
				TARGET_NAME = TaskForceTests;
			};
			name = Debug;
		};
		OBJ_25 /* Release */ = {
			isa = XCBuildConfiguration;
			buildSettings = {
				ALWAYS_EMBED_SWIFT_STANDARD_LIBRARIES = YES;
				CLANG_ENABLE_MODULES = YES;
				EMBEDDED_CONTENT_CONTAINS_SWIFT = YES;
				FRAMEWORK_SEARCH_PATHS = (
					"$(inherited)",
					"$(PLATFORM_DIR)/Developer/Library/Frameworks",
				);
				HEADER_SEARCH_PATHS = "$(inherited)";
				INFOPLIST_FILE = TaskForce.xcodeproj/TaskForceTests_Info.plist;
				LD_RUNPATH_SEARCH_PATHS = "@loader_path/../Frameworks @loader_path/Frameworks";
				OTHER_LDFLAGS = "$(inherited)";
				OTHER_SWIFT_FLAGS = "$(inherited)";
				SWIFT_VERSION = 4.0;
				TARGET_NAME = TaskForceTests;
			};
			name = Release;
		};
		OBJ_3 /* Debug */ = {
			isa = XCBuildConfiguration;
			buildSettings = {
				CLANG_ENABLE_OBJC_ARC = YES;
				COMBINE_HIDPI_IMAGES = YES;
				COPY_PHASE_STRIP = NO;
				DEBUG_INFORMATION_FORMAT = dwarf;
				DYLIB_INSTALL_NAME_BASE = "@rpath";
				ENABLE_NS_ASSERTIONS = YES;
				GCC_OPTIMIZATION_LEVEL = 0;
				MACOSX_DEPLOYMENT_TARGET = 10.10;
				ONLY_ACTIVE_ARCH = YES;
				OTHER_SWIFT_FLAGS = "-DXcode";
				PRODUCT_NAME = "$(TARGET_NAME)";
				SDKROOT = macosx;
				SUPPORTED_PLATFORMS = "macosx iphoneos iphonesimulator appletvos appletvsimulator watchos watchsimulator";
				SWIFT_ACTIVE_COMPILATION_CONDITIONS = SWIFT_PACKAGE;
				SWIFT_OPTIMIZATION_LEVEL = "-Onone";
				USE_HEADERMAP = NO;
			};
			name = Debug;
		};
		OBJ_33 /* Debug */ = {
			isa = XCBuildConfiguration;
			buildSettings = {
				CLANG_ENABLE_MODULES = YES;
				DEFINES_MODULE = YES;
				ENABLE_TESTABILITY = YES;
				FRAMEWORK_SEARCH_PATHS = (
					"$(inherited)",
					"$(PLATFORM_DIR)/Developer/Library/Frameworks",
				);
				HEADER_SEARCH_PATHS = "$(inherited)";
				INFOPLIST_FILE = TaskForce.xcodeproj/TaskForce_Info.plist;
				LD_RUNPATH_SEARCH_PATHS = "$(TOOLCHAIN_DIR)/usr/lib/swift/macosx";
				OTHER_LDFLAGS = "$(inherited)";
				OTHER_SWIFT_FLAGS = "$(inherited)";
				PRODUCT_BUNDLE_IDENTIFIER = TaskForce;
				PRODUCT_MODULE_NAME = "$(TARGET_NAME:c99extidentifier)";
				PRODUCT_NAME = "$(TARGET_NAME:c99extidentifier)";
				SKIP_INSTALL = YES;
				SWIFT_OPTIMIZATION_LEVEL = "-Onone";
				SWIFT_VERSION = 4.0;
				TARGET_NAME = TaskForce;
			};
			name = Debug;
		};
		OBJ_34 /* Release */ = {
			isa = XCBuildConfiguration;
			buildSettings = {
				CLANG_ENABLE_MODULES = YES;
				DEFINES_MODULE = YES;
				ENABLE_TESTABILITY = YES;
				FRAMEWORK_SEARCH_PATHS = (
					"$(inherited)",
					"$(PLATFORM_DIR)/Developer/Library/Frameworks",
				);
				HEADER_SEARCH_PATHS = "$(inherited)";
				INFOPLIST_FILE = TaskForce.xcodeproj/TaskForce_Info.plist;
				LD_RUNPATH_SEARCH_PATHS = "$(TOOLCHAIN_DIR)/usr/lib/swift/macosx";
				OTHER_LDFLAGS = "$(inherited)";
				OTHER_SWIFT_FLAGS = "$(inherited)";
				PRODUCT_BUNDLE_IDENTIFIER = TaskForce;
				PRODUCT_MODULE_NAME = "$(TARGET_NAME:c99extidentifier)";
				PRODUCT_NAME = "$(TARGET_NAME:c99extidentifier)";
				SKIP_INSTALL = YES;
				SWIFT_VERSION = 4.0;
				TARGET_NAME = TaskForce;
			};
			name = Release;
		};
		OBJ_4 /* Release */ = {
			isa = XCBuildConfiguration;
			buildSettings = {
				CLANG_ENABLE_OBJC_ARC = YES;
				COMBINE_HIDPI_IMAGES = YES;
				COPY_PHASE_STRIP = YES;
				DEBUG_INFORMATION_FORMAT = "dwarf-with-dsym";
				DYLIB_INSTALL_NAME_BASE = "@rpath";
				GCC_OPTIMIZATION_LEVEL = s;
				MACOSX_DEPLOYMENT_TARGET = 10.10;
				OTHER_SWIFT_FLAGS = "-DXcode";
				PRODUCT_NAME = "$(TARGET_NAME)";
				SDKROOT = macosx;
				SUPPORTED_PLATFORMS = "macosx iphoneos iphonesimulator appletvos appletvsimulator watchos watchsimulator";
				SWIFT_ACTIVE_COMPILATION_CONDITIONS = SWIFT_PACKAGE;
				SWIFT_OPTIMIZATION_LEVEL = "-Owholemodule";
				USE_HEADERMAP = NO;
			};
			name = Release;
		};
		OBJ_40 /* Debug */ = {
			isa = XCBuildConfiguration;
			buildSettings = {
			};
			name = Debug;
		};
		OBJ_41 /* Release */ = {
			isa = XCBuildConfiguration;
			buildSettings = {
			};
			name = Release;
		};
/* End XCBuildConfiguration section */

/* Begin XCConfigurationList section */
		OBJ_17 /* Build configuration list for PBXNativeTarget "TaskForcePackageDescription" */ = {
			isa = XCConfigurationList;
			buildConfigurations = (
				OBJ_18 /* Debug */,
				OBJ_19 /* Release */,
			);
			defaultConfigurationIsVisible = 0;
			defaultConfigurationName = Debug;
		};
		OBJ_2 /* Build configuration list for PBXProject "TaskForce" */ = {
			isa = XCConfigurationList;
			buildConfigurations = (
				OBJ_3 /* Debug */,
				OBJ_4 /* Release */,
			);
			defaultConfigurationIsVisible = 0;
			defaultConfigurationName = Debug;
		};
		OBJ_23 /* Build configuration list for PBXNativeTarget "TaskForceTests" */ = {
			isa = XCConfigurationList;
			buildConfigurations = (
				OBJ_24 /* Debug */,
				OBJ_25 /* Release */,
			);
			defaultConfigurationIsVisible = 0;
			defaultConfigurationName = Debug;
		};
		OBJ_32 /* Build configuration list for PBXNativeTarget "TaskForce" */ = {
			isa = XCConfigurationList;
			buildConfigurations = (
				OBJ_33 /* Debug */,
				OBJ_34 /* Release */,
			);
			defaultConfigurationIsVisible = 0;
			defaultConfigurationName = Debug;
		};
		OBJ_39 /* Build configuration list for PBXAggregateTarget "TaskForcePackageTests" */ = {
			isa = XCConfigurationList;
			buildConfigurations = (
				OBJ_40 /* Debug */,
				OBJ_41 /* Release */,
			);
			defaultConfigurationIsVisible = 0;
			defaultConfigurationName = Debug;
		};
/* End XCConfigurationList section */
	};
	rootObject = OBJ_1 /* Project object */;
}
